// !$*UTF8*$!
{
	archiveVersion = 1;
	classes = {
	};
	objectVersion = 56;
	objects = {

/* Begin PBXBuildFile section */
		01A000000000000000000001 /* URLBlockerIOSApp.swift in Sources */ = {isa = PBXBuildFile; fileRef = 01B000000000000000000001 /* URLBlockerIOSApp.swift */; };
		01A000000000000000000002 /* ContentView.swift in Sources */ = {isa = PBXBuildFile; fileRef = 01B000000000000000000002 /* ContentView.swift */; };
		01A000000000000000000003 /* SafariWebExtensionHandler.swift in Sources */ = {isa = PBXBuildFile; fileRef = 01B000000000000000000003 /* SafariWebExtensionHandler.swift */; };
		01A000000000000000000004 /* SafariServices.framework in Frameworks */ = {isa = PBXBuildFile; fileRef = 01B000000000000000000004 /* SafariServices.framework */; };
		01A000000000000000000005 /* URLBlockerIOSExtension.appex in Embed Foundation Extensions */ = {isa = PBXBuildFile; fileRef = 01C000000000000000000002 /* URLBlockerIOSExtension.appex */; settings = {ATTRIBUTES = (RemoveHeadersOnCopy, ); }; };
		01A000000000000000000006 /* manifest.json in Resources */ = {isa = PBXBuildFile; fileRef = 01B000000000000000000006 /* manifest.json */; };
		01A000000000000000000007 /* blocker.js in Resources */ = {isa = PBXBuildFile; fileRef = 01B000000000000000000007 /* blocker.js */; };
		01A000000000000000000008 /* background.js in Resources */ = {isa = PBXBuildFile; fileRef = 01B000000000000000000008 /* background.js */; };
		01A000000000000000000009 /* content.js in Resources */ = {isa = PBXBuildFile; fileRef = 01B000000000000000000009 /* content.js */; };
		01A00000000000000000000A /* options.html in Resources */ = {isa = PBXBuildFile; fileRef = 01B00000000000000000000A /* options.html */; };
		01A00000000000000000000B /* options.css in Resources */ = {isa = PBXBuildFile; fileRef = 01B00000000000000000000B /* options.css */; };
		01A00000000000000000000C /* options.js in Resources */ = {isa = PBXBuildFile; fileRef = 01B00000000000000000000C /* options.js */; };
		01A000000000000000000015 /* stats.html in Resources */ = {isa = PBXBuildFile; fileRef = 01B000000000000000000016 /* stats.html */; };
		01A000000000000000000016 /* stats.css in Resources */ = {isa = PBXBuildFile; fileRef = 01B000000000000000000017 /* stats.css */; };
		01A000000000000000000017 /* stats.js in Resources */ = {isa = PBXBuildFile; fileRef = 01B000000000000000000018 /* stats.js */; };
		01A00000000000000000000D /* blocked.html in Resources */ = {isa = PBXBuildFile; fileRef = 01B00000000000000000000D /* blocked.html */; };
		01A00000000000000000000E /* blocked.css in Resources */ = {isa = PBXBuildFile; fileRef = 01B00000000000000000000E /* blocked.css */; };
		01A00000000000000000000F /* blocked.js in Resources */ = {isa = PBXBuildFile; fileRef = 01B00000000000000000000F /* blocked.js */; };
		01A000000000000000000010 /* icons in Resources */ = {isa = PBXBuildFile; fileRef = 01B000000000000000000010 /* icons */; };
		01A000000000000000000012 /* default-blocked-pages.json in Resources */ = {isa = PBXBuildFile; fileRef = 01B000000000000000000013 /* default-blocked-pages.json */; };
		01A000000000000000000013 /* supabase-sync.js in Resources */ = {isa = PBXBuildFile; fileRef = 01B000000000000000000014 /* supabase-sync.js */; };
		01A000000000000000000014 /* supabase-config.json in Resources */ = {isa = PBXBuildFile; fileRef = 01B000000000000000000015 /* supabase-config.json */; };
		01A000000000000000000011 /* SafariServices.framework in Frameworks */ = {isa = PBXBuildFile; fileRef = 01B000000000000000000004 /* SafariServices.framework */; };
		02A000000000000000000001 /* URLBlockerMacApp.swift in Sources */ = {isa = PBXBuildFile; fileRef = 02B000000000000000000001 /* URLBlockerMacApp.swift */; };
		02A000000000000000000002 /* MacContentView.swift in Sources */ = {isa = PBXBuildFile; fileRef = 02B000000000000000000002 /* MacContentView.swift */; };
		02A000000000000000000003 /* SafariWebExtensionHandler.swift in Sources */ = {isa = PBXBuildFile; fileRef = 01B000000000000000000003 /* SafariWebExtensionHandler.swift */; };
		02A000000000000000000004 /* SafariServices.framework in Frameworks */ = {isa = PBXBuildFile; fileRef = 01B000000000000000000004 /* SafariServices.framework */; };
		02A000000000000000000005 /* SafariServices.framework in Frameworks */ = {isa = PBXBuildFile; fileRef = 01B000000000000000000004 /* SafariServices.framework */; };
		02A000000000000000000006 /* URLBlockerMacExtension.appex in Embed Foundation Extensions */ = {isa = PBXBuildFile; fileRef = 02C000000000000000000002 /* URLBlockerMacExtension.appex */; settings = {ATTRIBUTES = (RemoveHeadersOnCopy, ); }; };
		02A000000000000000000007 /* manifest.json in Resources */ = {isa = PBXBuildFile; fileRef = 01B000000000000000000006 /* manifest.json */; };
		02A000000000000000000008 /* blocker.js in Resources */ = {isa = PBXBuildFile; fileRef = 01B000000000000000000007 /* blocker.js */; };
		02A000000000000000000009 /* background.js in Resources */ = {isa = PBXBuildFile; fileRef = 01B000000000000000000008 /* background.js */; };
		02A00000000000000000000A /* content.js in Resources */ = {isa = PBXBuildFile; fileRef = 01B000000000000000000009 /* content.js */; };
		02A00000000000000000000B /* options.html in Resources */ = {isa = PBXBuildFile; fileRef = 01B00000000000000000000A /* options.html */; };
		02A00000000000000000000C /* options.css in Resources */ = {isa = PBXBuildFile; fileRef = 01B00000000000000000000B /* options.css */; };
		02A00000000000000000000D /* options.js in Resources */ = {isa = PBXBuildFile; fileRef = 01B00000000000000000000C /* options.js */; };
		02A000000000000000000015 /* stats.html in Resources */ = {isa = PBXBuildFile; fileRef = 01B000000000000000000016 /* stats.html */; };
		02A000000000000000000016 /* stats.css in Resources */ = {isa = PBXBuildFile; fileRef = 01B000000000000000000017 /* stats.css */; };
		02A000000000000000000017 /* stats.js in Resources */ = {isa = PBXBuildFile; fileRef = 01B000000000000000000018 /* stats.js */; };
		02A00000000000000000000E /* blocked.html in Resources */ = {isa = PBXBuildFile; fileRef = 01B00000000000000000000D /* blocked.html */; };
		02A00000000000000000000F /* blocked.css in Resources */ = {isa = PBXBuildFile; fileRef = 01B00000000000000000000E /* blocked.css */; };
		02A000000000000000000010 /* blocked.js in Resources */ = {isa = PBXBuildFile; fileRef = 01B00000000000000000000F /* blocked.js */; };
		02A000000000000000000011 /* icons in Resources */ = {isa = PBXBuildFile; fileRef = 01B000000000000000000010 /* icons */; };
		02A000000000000000000012 /* default-blocked-pages.json in Resources */ = {isa = PBXBuildFile; fileRef = 01B000000000000000000013 /* default-blocked-pages.json */; };
		02A000000000000000000013 /* supabase-sync.js in Resources */ = {isa = PBXBuildFile; fileRef = 01B000000000000000000014 /* supabase-sync.js */; };
		02A000000000000000000014 /* supabase-config.json in Resources */ = {isa = PBXBuildFile; fileRef = 01B000000000000000000015 /* supabase-config.json */; };
		03A000000000000000000001 /* NativeBlocklistStore.swift in Sources */ = {isa = PBXBuildFile; fileRef = 03B000000000000000000001 /* NativeBlocklistStore.swift */; };
		03A000000000000000000002 /* NativeBlocklistStore.swift in Sources */ = {isa = PBXBuildFile; fileRef = 03B000000000000000000001 /* NativeBlocklistStore.swift */; };
		03A000000000000000000003 /* NativeBlocklistStore.swift in Sources */ = {isa = PBXBuildFile; fileRef = 03B000000000000000000001 /* NativeBlocklistStore.swift */; };
		03A000000000000000000005 /* NativeSupabaseAuth.swift in Sources */ = {isa = PBXBuildFile; fileRef = 03B000000000000000000004 /* NativeSupabaseAuth.swift */; };
		04A000000000000000000001 /* Assets.xcassets in Resources */ = {isa = PBXBuildFile; fileRef = 04B000000000000000000001 /* Assets.xcassets */; };
		04A000000000000000000002 /* Assets.xcassets in Resources */ = {isa = PBXBuildFile; fileRef = 04B000000000000000000001 /* Assets.xcassets */; };
		04A000000000000000000003 /* Assets.xcassets in Resources */ = {isa = PBXBuildFile; fileRef = 04B000000000000000000001 /* Assets.xcassets */; };
		04A000000000000000000004 /* Assets.xcassets in Resources */ = {isa = PBXBuildFile; fileRef = 04B000000000000000000001 /* Assets.xcassets */; };
/* End PBXBuildFile section */

/* Begin PBXContainerItemProxy section */
		01D000000000000000000001 /* PBXContainerItemProxy */ = {
			isa = PBXContainerItemProxy;
			containerPortal = 01F000000000000000000001 /* Project object */;
			proxyType = 1;
			remoteGlobalIDString = 01E000000000000000000002;
			remoteInfo = URLBlockerIOSExtension;
		};
		02D000000000000000000001 /* PBXContainerItemProxy */ = {
			isa = PBXContainerItemProxy;
			containerPortal = 01F000000000000000000001 /* Project object */;
			proxyType = 1;
			remoteGlobalIDString = 02E000000000000000000002;
			remoteInfo = URLBlockerMacExtension;
		};
/* End PBXContainerItemProxy section */

/* Begin PBXCopyFilesBuildPhase section */
		01B100000000000000000001 /* Embed Foundation Extensions */ = {
			isa = PBXCopyFilesBuildPhase;
			buildActionMask = 2147483647;
			dstPath = "";
			dstSubfolderSpec = 13;
			files = (
				01A000000000000000000005 /* URLBlockerIOSExtension.appex in Embed Foundation Extensions */,
			);
			name = "Embed Foundation Extensions";
			runOnlyForDeploymentPostprocessing = 0;
		};
		02B100000000000000000001 /* Embed Foundation Extensions */ = {
			isa = PBXCopyFilesBuildPhase;
			buildActionMask = 2147483647;
			dstPath = "";
			dstSubfolderSpec = 13;
			files = (
				02A000000000000000000006 /* URLBlockerMacExtension.appex in Embed Foundation Extensions */,
			);
			name = "Embed Foundation Extensions";
			runOnlyForDeploymentPostprocessing = 0;
		};
/* End PBXCopyFilesBuildPhase section */

/* Begin PBXFileReference section */
		01B000000000000000000001 /* URLBlockerIOSApp.swift */ = {isa = PBXFileReference; lastKnownFileType = sourcecode.swift; path = URLBlockerIOSApp.swift; sourceTree = "<group>"; };
		01B000000000000000000002 /* ContentView.swift */ = {isa = PBXFileReference; lastKnownFileType = sourcecode.swift; path = ContentView.swift; sourceTree = "<group>"; };
		01B000000000000000000003 /* SafariWebExtensionHandler.swift */ = {isa = PBXFileReference; lastKnownFileType = sourcecode.swift; path = SafariWebExtensionHandler.swift; sourceTree = "<group>"; };
		01B000000000000000000004 /* SafariServices.framework */ = {isa = PBXFileReference; lastKnownFileType = wrapper.framework; name = SafariServices.framework; path = System/Library/Frameworks/SafariServices.framework; sourceTree = SDKROOT; };
		01B000000000000000000005 /* ios_safari_site_blocker_spec.md */ = {isa = PBXFileReference; lastKnownFileType = net.daringfireball.markdown; path = ios_safari_site_blocker_spec.md; sourceTree = "<group>"; };
		01B000000000000000000006 /* manifest.json */ = {isa = PBXFileReference; lastKnownFileType = text.json; path = manifest.json; sourceTree = "<group>"; };
		01B000000000000000000007 /* blocker.js */ = {isa = PBXFileReference; lastKnownFileType = sourcecode.javascript; path = blocker.js; sourceTree = "<group>"; };
		01B000000000000000000008 /* background.js */ = {isa = PBXFileReference; lastKnownFileType = sourcecode.javascript; path = background.js; sourceTree = "<group>"; };
		01B000000000000000000009 /* content.js */ = {isa = PBXFileReference; lastKnownFileType = sourcecode.javascript; path = content.js; sourceTree = "<group>"; };
		01B00000000000000000000A /* options.html */ = {isa = PBXFileReference; lastKnownFileType = text.html; path = options.html; sourceTree = "<group>"; };
		01B00000000000000000000B /* options.css */ = {isa = PBXFileReference; lastKnownFileType = text.css; path = options.css; sourceTree = "<group>"; };
		01B00000000000000000000C /* options.js */ = {isa = PBXFileReference; lastKnownFileType = sourcecode.javascript; path = options.js; sourceTree = "<group>"; };
		01B000000000000000000016 /* stats.html */ = {isa = PBXFileReference; lastKnownFileType = text.html; path = stats.html; sourceTree = "<group>"; };
		01B000000000000000000017 /* stats.css */ = {isa = PBXFileReference; lastKnownFileType = text.css; path = stats.css; sourceTree = "<group>"; };
		01B000000000000000000018 /* stats.js */ = {isa = PBXFileReference; lastKnownFileType = sourcecode.javascript; path = stats.js; sourceTree = "<group>"; };
		01B00000000000000000000D /* blocked.html */ = {isa = PBXFileReference; lastKnownFileType = text.html; path = blocked.html; sourceTree = "<group>"; };
		01B00000000000000000000E /* blocked.css */ = {isa = PBXFileReference; lastKnownFileType = text.css; path = blocked.css; sourceTree = "<group>"; };
		01B00000000000000000000F /* blocked.js */ = {isa = PBXFileReference; lastKnownFileType = sourcecode.javascript; path = blocked.js; sourceTree = "<group>"; };
		01B000000000000000000010 /* icons */ = {isa = PBXFileReference; lastKnownFileType = folder; path = icons; sourceTree = "<group>"; };
		01B000000000000000000011 /* Info.plist */ = {isa = PBXFileReference; lastKnownFileType = text.plist.xml; path = Info.plist; sourceTree = "<group>"; };
		01B000000000000000000012 /* Info.plist */ = {isa = PBXFileReference; lastKnownFileType = text.plist.xml; path = Info.plist; sourceTree = "<group>"; };
		01B000000000000000000013 /* default-blocked-pages.json */ = {isa = PBXFileReference; lastKnownFileType = text.json; path = "default-blocked-pages.json"; sourceTree = "<group>"; };
		01B000000000000000000014 /* supabase-sync.js */ = {isa = PBXFileReference; lastKnownFileType = sourcecode.javascript; path = "supabase-sync.js"; sourceTree = "<group>"; };
		01B000000000000000000015 /* supabase-config.json */ = {isa = PBXFileReference; lastKnownFileType = text.json; path = "supabase-config.json"; sourceTree = "<group>"; };
		01C000000000000000000001 /* URLBlockerIOS.app */ = {isa = PBXFileReference; explicitFileType = wrapper.application; includeInIndex = 0; path = URLBlockerIOS.app; sourceTree = BUILT_PRODUCTS_DIR; };
		01C000000000000000000002 /* URLBlockerIOSExtension.appex */ = {isa = PBXFileReference; explicitFileType = "wrapper.app-extension"; includeInIndex = 0; path = URLBlockerIOSExtension.appex; sourceTree = BUILT_PRODUCTS_DIR; };
		02B000000000000000000001 /* URLBlockerMacApp.swift */ = {isa = PBXFileReference; lastKnownFileType = sourcecode.swift; path = URLBlockerMacApp.swift; sourceTree = "<group>"; };
		02B000000000000000000002 /* MacContentView.swift */ = {isa = PBXFileReference; lastKnownFileType = sourcecode.swift; path = MacContentView.swift; sourceTree = "<group>"; };
		02B000000000000000000003 /* Info.plist */ = {isa = PBXFileReference; lastKnownFileType = text.plist.xml; path = Info.plist; sourceTree = "<group>"; };
		02B000000000000000000004 /* Info.plist */ = {isa = PBXFileReference; lastKnownFileType = text.plist.xml; path = Info.plist; sourceTree = "<group>"; };
		02C000000000000000000001 /* URLBlockerMac.app */ = {isa = PBXFileReference; explicitFileType = wrapper.application; includeInIndex = 0; path = URLBlockerMac.app; sourceTree = BUILT_PRODUCTS_DIR; };
		02C000000000000000000002 /* URLBlockerMacExtension.appex */ = {isa = PBXFileReference; explicitFileType = "wrapper.app-extension"; includeInIndex = 0; path = URLBlockerMacExtension.appex; sourceTree = BUILT_PRODUCTS_DIR; };
		03B000000000000000000001 /* NativeBlocklistStore.swift */ = {isa = PBXFileReference; lastKnownFileType = sourcecode.swift; path = NativeBlocklistStore.swift; sourceTree = "<group>"; };
		03B000000000000000000002 /* URLBlockerIOS.entitlements */ = {isa = PBXFileReference; lastKnownFileType = text.plist.entitlements; path = URLBlockerIOS.entitlements; sourceTree = "<group>"; };
		03B000000000000000000003 /* URLBlockerIOSExtension.entitlements */ = {isa = PBXFileReference; lastKnownFileType = text.plist.entitlements; path = URLBlockerIOSExtension.entitlements; sourceTree = "<group>"; };
		03B000000000000000000004 /* NativeSupabaseAuth.swift */ = {isa = PBXFileReference; lastKnownFileType = sourcecode.swift; path = NativeSupabaseAuth.swift; sourceTree = "<group>"; };
		04B000000000000000000001 /* Assets.xcassets */ = {isa = PBXFileReference; lastKnownFileType = folder.assetcatalog; path = Assets.xcassets; sourceTree = "<group>"; };
/* End PBXFileReference section */

/* Begin PBXFrameworksBuildPhase section */
		01B200000000000000000001 /* Frameworks */ = {
			isa = PBXFrameworksBuildPhase;
			buildActionMask = 2147483647;
			files = (
				01A000000000000000000011 /* SafariServices.framework in Frameworks */,
			);
			runOnlyForDeploymentPostprocessing = 0;
		};
		01B200000000000000000002 /* Frameworks */ = {
			isa = PBXFrameworksBuildPhase;
			buildActionMask = 2147483647;
			files = (
				01A000000000000000000004 /* SafariServices.framework in Frameworks */,
			);
			runOnlyForDeploymentPostprocessing = 0;
		};
		02B200000000000000000001 /* Frameworks */ = {
			isa = PBXFrameworksBuildPhase;
			buildActionMask = 2147483647;
			files = (
				02A000000000000000000004 /* SafariServices.framework in Frameworks */,
			);
			runOnlyForDeploymentPostprocessing = 0;
		};
		02B200000000000000000002 /* Frameworks */ = {
			isa = PBXFrameworksBuildPhase;
			buildActionMask = 2147483647;
			files = (
				02A000000000000000000005 /* SafariServices.framework in Frameworks */,
			);
			runOnlyForDeploymentPostprocessing = 0;
		};
/* End PBXFrameworksBuildPhase section */

/* Begin PBXGroup section */
		01B300000000000000000001 = {
			isa = PBXGroup;
			children = (
				01B300000000000000000002 /* URLBlockerIOS */,
				02B300000000000000000001 /* URLBlockerMac */,
				01B300000000000000000003 /* URLBlockerIOSExtension */,
				02B300000000000000000002 /* URLBlockerExtensionMac */,
				01B300000000000000000004 /* URLBlockerWebExtension */,
				03B300000000000000000001 /* URLBlockerShared */,
				01B300000000000000000006 /* Frameworks */,
				01B300000000000000000005 /* Products */,
				01B000000000000000000005 /* ios_safari_site_blocker_spec.md */,
			);
			sourceTree = "<group>";
		};
		01B300000000000000000002 /* URLBlockerIOS */ = {
			isa = PBXGroup;
			children = (
				01B000000000000000000001 /* URLBlockerIOSApp.swift */,
				01B000000000000000000002 /* ContentView.swift */,
				01B000000000000000000011 /* Info.plist */,
				03B000000000000000000002 /* URLBlockerIOS.entitlements */,
			);
			path = URLBlockerIOS;
			sourceTree = "<group>";
		};
		01B300000000000000000003 /* URLBlockerIOSExtension */ = {
			isa = PBXGroup;
			children = (
				01B000000000000000000003 /* SafariWebExtensionHandler.swift */,
				01B000000000000000000012 /* Info.plist */,
				03B000000000000000000003 /* URLBlockerIOSExtension.entitlements */,
			);
			path = URLBlockerIOSExtension;
			sourceTree = "<group>";
		};
		01B300000000000000000004 /* URLBlockerWebExtension */ = {
			isa = PBXGroup;
			children = (
				01B000000000000000000006 /* manifest.json */,
				01B000000000000000000007 /* blocker.js */,
				01B000000000000000000008 /* background.js */,
				01B000000000000000000009 /* content.js */,
				01B00000000000000000000A /* options.html */,
				01B00000000000000000000B /* options.css */,
				01B00000000000000000000C /* options.js */,
				01B000000000000000000016 /* stats.html */,
				01B000000000000000000017 /* stats.css */,
				01B000000000000000000018 /* stats.js */,
				01B00000000000000000000D /* blocked.html */,
				01B00000000000000000000E /* blocked.css */,
				01B00000000000000000000F /* blocked.js */,
				01B000000000000000000013 /* default-blocked-pages.json */,
				01B000000000000000000014 /* supabase-sync.js */,
				01B000000000000000000015 /* supabase-config.json */,
				01B000000000000000000010 /* icons */,
			);
			path = URLBlockerWebExtension;
			sourceTree = "<group>";
		};
		01B300000000000000000005 /* Products */ = {
			isa = PBXGroup;
			children = (
				01C000000000000000000001 /* URLBlockerIOS.app */,
				01C000000000000000000002 /* URLBlockerIOSExtension.appex */,
				02C000000000000000000001 /* URLBlockerMac.app */,
				02C000000000000000000002 /* URLBlockerMacExtension.appex */,
			);
			name = Products;
			sourceTree = "<group>";
		};
		01B300000000000000000006 /* Frameworks */ = {
			isa = PBXGroup;
			children = (
				01B000000000000000000004 /* SafariServices.framework */,
			);
			name = Frameworks;
			sourceTree = "<group>";
		};
		02B300000000000000000001 /* URLBlockerMac */ = {
			isa = PBXGroup;
			children = (
				02B000000000000000000001 /* URLBlockerMacApp.swift */,
				02B000000000000000000002 /* MacContentView.swift */,
				02B000000000000000000003 /* Info.plist */,
			);
			path = URLBlockerMac;
			sourceTree = "<group>";
		};
		02B300000000000000000002 /* URLBlockerExtensionMac */ = {
			isa = PBXGroup;
			children = (
				02B000000000000000000004 /* Info.plist */,
			);
			path = URLBlockerExtensionMac;
			sourceTree = "<group>";
		};
		03B300000000000000000001 /* URLBlockerShared */ = {
			isa = PBXGroup;
			children = (
				03B000000000000000000001 /* NativeBlocklistStore.swift */,
				03B000000000000000000004 /* NativeSupabaseAuth.swift */,
				04B000000000000000000001 /* Assets.xcassets */,
			);
			path = URLBlockerShared;
			sourceTree = "<group>";
		};
/* End PBXGroup section */

/* Begin PBXNativeTarget section */
		01E000000000000000000001 /* URLBlockerIOS */ = {
			isa = PBXNativeTarget;
			buildConfigurationList = 01F200000000000000000002 /* Build configuration list for PBXNativeTarget "URLBlockerIOS" */;
			buildPhases = (
				01B400000000000000000001 /* Sources */,
				01B200000000000000000001 /* Frameworks */,
				04B500000000000000000001 /* Resources */,
				01B100000000000000000001 /* Embed Foundation Extensions */,
			);
			buildRules = (
			);
			dependencies = (
				01E100000000000000000001 /* PBXTargetDependency */,
			);
			name = URLBlockerIOS;
			productName = URLBlockerIOS;
			productReference = 01C000000000000000000001 /* URLBlockerIOS.app */;
			productType = "com.apple.product-type.application";
		};
		01E000000000000000000002 /* URLBlockerIOSExtension */ = {
			isa = PBXNativeTarget;
			buildConfigurationList = 01F200000000000000000003 /* Build configuration list for PBXNativeTarget "URLBlockerIOSExtension" */;
			buildPhases = (
				01B400000000000000000002 /* Sources */,
				01B200000000000000000002 /* Frameworks */,
				01B500000000000000000001 /* Resources */,
			);
			buildRules = (
			);
			dependencies = (
			);
			name = URLBlockerIOSExtension;
			productName = URLBlockerIOSExtension;
			productReference = 01C000000000000000000002 /* URLBlockerIOSExtension.appex */;
			productType = "com.apple.product-type.app-extension";
		};
		02E000000000000000000001 /* URLBlockerMac */ = {
			isa = PBXNativeTarget;
			buildConfigurationList = 02F200000000000000000001 /* Build configuration list for PBXNativeTarget "URLBlockerMac" */;
			buildPhases = (
				02B400000000000000000001 /* Sources */,
				02B200000000000000000001 /* Frameworks */,
				04B500000000000000000002 /* Resources */,
				02B100000000000000000001 /* Embed Foundation Extensions */,
			);
			buildRules = (
			);
			dependencies = (
				02E100000000000000000001 /* PBXTargetDependency */,
			);
			name = URLBlockerMac;
			productName = URLBlockerMac;
			productReference = 02C000000000000000000001 /* URLBlockerMac.app */;
			productType = "com.apple.product-type.application";
		};
		02E000000000000000000002 /* URLBlockerMacExtension */ = {
			isa = PBXNativeTarget;
			buildConfigurationList = 02F200000000000000000002 /* Build configuration list for PBXNativeTarget "URLBlockerMacExtension" */;
			buildPhases = (
				02B400000000000000000002 /* Sources */,
				02B200000000000000000002 /* Frameworks */,
				02B500000000000000000001 /* Resources */,
			);
			buildRules = (
			);
			dependencies = (
			);
			name = URLBlockerMacExtension;
			productName = URLBlockerMacExtension;
			productReference = 02C000000000000000000002 /* URLBlockerMacExtension.appex */;
			productType = "com.apple.product-type.app-extension";
		};
/* End PBXNativeTarget section */

/* Begin PBXProject section */
		01F000000000000000000001 /* Project object */ = {
			isa = PBXProject;
			attributes = {
				BuildIndependentTargetsInParallel = 1;
				LastSwiftUpdateCheck = 1600;
				LastUpgradeCheck = 2640;
				TargetAttributes = {
					01E000000000000000000001 = {
						CreatedOnToolsVersion = 16.0;
					};
					01E000000000000000000002 = {
						CreatedOnToolsVersion = 16.0;
					};
					02E000000000000000000001 = {
						CreatedOnToolsVersion = 16.0;
					};
					02E000000000000000000002 = {
						CreatedOnToolsVersion = 16.0;
					};
				};
			};
			buildConfigurationList = 01F200000000000000000001 /* Build configuration list for PBXProject "URLBlocker" */;
			compatibilityVersion = "Xcode 14.0";
			developmentRegion = en;
			hasScannedForEncodings = 0;
			knownRegions = (
				en,
				Base,
			);
			mainGroup = 01B300000000000000000001;
			productRefGroup = 01B300000000000000000005 /* Products */;
			projectDirPath = "";
			projectRoot = "";
			targets = (
				01E000000000000000000001 /* URLBlockerIOS */,
				01E000000000000000000002 /* URLBlockerIOSExtension */,
				02E000000000000000000001 /* URLBlockerMac */,
				02E000000000000000000002 /* URLBlockerMacExtension */,
			);
		};
/* End PBXProject section */

/* Begin PBXResourcesBuildPhase section */
		04B500000000000000000001 /* Resources */ = {
			isa = PBXResourcesBuildPhase;
			buildActionMask = 2147483647;
			files = (
				04A000000000000000000001 /* Assets.xcassets in Resources */,
			);
			runOnlyForDeploymentPostprocessing = 0;
		};
		01B500000000000000000001 /* Resources */ = {
			isa = PBXResourcesBuildPhase;
			buildActionMask = 2147483647;
			files = (
				04A000000000000000000002 /* Assets.xcassets in Resources */,
				01A000000000000000000006 /* manifest.json in Resources */,
				01A000000000000000000007 /* blocker.js in Resources */,
				01A000000000000000000008 /* background.js in Resources */,
				01A000000000000000000009 /* content.js in Resources */,
				01A00000000000000000000A /* options.html in Resources */,
				01A00000000000000000000B /* options.css in Resources */,
				01A00000000000000000000C /* options.js in Resources */,
				01A000000000000000000015 /* stats.html in Resources */,
				01A000000000000000000016 /* stats.css in Resources */,
				01A000000000000000000017 /* stats.js in Resources */,
				01A00000000000000000000D /* blocked.html in Resources */,
				01A00000000000000000000E /* blocked.css in Resources */,
				01A00000000000000000000F /* blocked.js in Resources */,
				01A000000000000000000012 /* default-blocked-pages.json in Resources */,
				01A000000000000000000013 /* supabase-sync.js in Resources */,
				01A000000000000000000014 /* supabase-config.json in Resources */,
				01A000000000000000000010 /* icons in Resources */,
			);
			runOnlyForDeploymentPostprocessing = 0;
		};
		04B500000000000000000002 /* Resources */ = {
			isa = PBXResourcesBuildPhase;
			buildActionMask = 2147483647;
			files = (
				04A000000000000000000003 /* Assets.xcassets in Resources */,
			);
			runOnlyForDeploymentPostprocessing = 0;
		};
		02B500000000000000000001 /* Resources */ = {
			isa = PBXResourcesBuildPhase;
			buildActionMask = 2147483647;
			files = (
				04A000000000000000000004 /* Assets.xcassets in Resources */,
				02A000000000000000000007 /* manifest.json in Resources */,
				02A000000000000000000008 /* blocker.js in Resources */,
				02A000000000000000000009 /* background.js in Resources */,
				02A00000000000000000000A /* content.js in Resources */,
				02A00000000000000000000B /* options.html in Resources */,
				02A00000000000000000000C /* options.css in Resources */,
				02A00000000000000000000D /* options.js in Resources */,
				02A000000000000000000015 /* stats.html in Resources */,
				02A000000000000000000016 /* stats.css in Resources */,
				02A000000000000000000017 /* stats.js in Resources */,
				02A00000000000000000000E /* blocked.html in Resources */,
				02A00000000000000000000F /* blocked.css in Resources */,
				02A000000000000000000010 /* blocked.js in Resources */,
				02A000000000000000000012 /* default-blocked-pages.json in Resources */,
				02A000000000000000000013 /* supabase-sync.js in Resources */,
				02A000000000000000000014 /* supabase-config.json in Resources */,
				02A000000000000000000011 /* icons in Resources */,
			);
			runOnlyForDeploymentPostprocessing = 0;
		};
/* End PBXResourcesBuildPhase section */

/* Begin PBXSourcesBuildPhase section */
		01B400000000000000000001 /* Sources */ = {
			isa = PBXSourcesBuildPhase;
			buildActionMask = 2147483647;
			files = (
				01A000000000000000000001 /* URLBlockerIOSApp.swift in Sources */,
				01A000000000000000000002 /* ContentView.swift in Sources */,
				03A000000000000000000001 /* NativeBlocklistStore.swift in Sources */,
				03A000000000000000000005 /* NativeSupabaseAuth.swift in Sources */,
			);
			runOnlyForDeploymentPostprocessing = 0;
		};
		01B400000000000000000002 /* Sources */ = {
			isa = PBXSourcesBuildPhase;
			buildActionMask = 2147483647;
			files = (
				01A000000000000000000003 /* SafariWebExtensionHandler.swift in Sources */,
				03A000000000000000000002 /* NativeBlocklistStore.swift in Sources */,
			);
			runOnlyForDeploymentPostprocessing = 0;
		};
		02B400000000000000000001 /* Sources */ = {
			isa = PBXSourcesBuildPhase;
			buildActionMask = 2147483647;
			files = (
				02A000000000000000000001 /* URLBlockerMacApp.swift in Sources */,
				02A000000000000000000002 /* MacContentView.swift in Sources */,
			);
			runOnlyForDeploymentPostprocessing = 0;
		};
		02B400000000000000000002 /* Sources */ = {
			isa = PBXSourcesBuildPhase;
			buildActionMask = 2147483647;
			files = (
				02A000000000000000000003 /* SafariWebExtensionHandler.swift in Sources */,
				03A000000000000000000003 /* NativeBlocklistStore.swift in Sources */,
			);
			runOnlyForDeploymentPostprocessing = 0;
		};
/* End PBXSourcesBuildPhase section */

/* Begin PBXTargetDependency section */
		01E100000000000000000001 /* PBXTargetDependency */ = {
			isa = PBXTargetDependency;
			target = 01E000000000000000000002 /* URLBlockerIOSExtension */;
			targetProxy = 01D000000000000000000001 /* PBXContainerItemProxy */;
		};
		02E100000000000000000001 /* PBXTargetDependency */ = {
			isa = PBXTargetDependency;
			target = 02E000000000000000000002 /* URLBlockerMacExtension */;
			targetProxy = 02D000000000000000000001 /* PBXContainerItemProxy */;
		};
/* End PBXTargetDependency section */

/* Begin XCBuildConfiguration section */
		01F100000000000000000001 /* Debug */ = {
			isa = XCBuildConfiguration;
			buildSettings = {
				ALWAYS_SEARCH_USER_PATHS = NO;
				CLANG_ANALYZER_NONNULL = YES;
				CLANG_ANALYZER_NUMBER_OBJECT_CONVERSION = YES_AGGRESSIVE;
				CLANG_CXX_LANGUAGE_STANDARD = "gnu++20";
				CLANG_ENABLE_MODULES = YES;
				CLANG_ENABLE_OBJC_ARC = YES;
				CLANG_ENABLE_OBJC_WEAK = YES;
				CLANG_WARN_BLOCK_CAPTURE_AUTORELEASING = YES;
				CLANG_WARN_BOOL_CONVERSION = YES;
				CLANG_WARN_COMMA = YES;
				CLANG_WARN_CONSTANT_CONVERSION = YES;
				CLANG_WARN_DEPRECATED_OBJC_IMPLEMENTATIONS = YES;
				CLANG_WARN_DIRECT_OBJC_ISA_USAGE = YES_ERROR;
				CLANG_WARN_DOCUMENTATION_COMMENTS = YES;
				CLANG_WARN_EMPTY_BODY = YES;
				CLANG_WARN_ENUM_CONVERSION = YES;
				CLANG_WARN_INFINITE_RECURSION = YES;
				CLANG_WARN_INT_CONVERSION = YES;
				CLANG_WARN_NON_LITERAL_NULL_CONVERSION = YES;
				CLANG_WARN_OBJC_IMPLICIT_RETAIN_SELF = YES;
				CLANG_WARN_OBJC_LITERAL_CONVERSION = YES;
				CLANG_WARN_OBJC_ROOT_CLASS = YES_ERROR;
				CLANG_WARN_QUOTED_INCLUDE_IN_FRAMEWORK_HEADER = YES;
				CLANG_WARN_RANGE_LOOP_ANALYSIS = YES;
				CLANG_WARN_STRICT_PROTOTYPES = YES;
				CLANG_WARN_SUSPICIOUS_MOVE = YES;
				CLANG_WARN_UNGUARDED_AVAILABILITY = YES_AGGRESSIVE;
				CLANG_WARN_UNREACHABLE_CODE = YES;
				CLANG_WARN__DUPLICATE_METHOD_MATCH = YES;
				COPY_PHASE_STRIP = NO;
				DEBUG_INFORMATION_FORMAT = dwarf;
				ENABLE_STRICT_OBJC_MSGSEND = YES;
				ENABLE_TESTABILITY = YES;
				ENABLE_USER_SCRIPT_SANDBOXING = YES;
				GCC_C_LANGUAGE_STANDARD = gnu17;
				GCC_DYNAMIC_NO_PIC = NO;
				GCC_NO_COMMON_BLOCKS = YES;
				GCC_OPTIMIZATION_LEVEL = 0;
				GCC_PREPROCESSOR_DEFINITIONS = (
					"DEBUG=1",
					"$(inherited)",
				);
				GCC_WARN_64_TO_32_BIT_CONVERSION = YES;
				GCC_WARN_ABOUT_RETURN_TYPE = YES_ERROR;
				GCC_WARN_UNDECLARED_SELECTOR = YES;
				GCC_WARN_UNINITIALIZED_AUTOS = YES_AGGRESSIVE;
				GCC_WARN_UNUSED_FUNCTION = YES;
				GCC_WARN_UNUSED_VARIABLE = YES;
				IPHONEOS_DEPLOYMENT_TARGET = 16.4;
				LOCALIZATION_PREFERS_STRING_CATALOGS = YES;
				MTL_ENABLE_DEBUG_INFO = INCLUDE_SOURCE;
				MTL_FAST_MATH = YES;
				ONLY_ACTIVE_ARCH = YES;
				SDKROOT = iphoneos;
				STRING_CATALOG_GENERATE_SYMBOLS = YES;
				SWIFT_ACTIVE_COMPILATION_CONDITIONS = DEBUG;
				SWIFT_OPTIMIZATION_LEVEL = "-Onone";
			};
			name = Debug;
		};
		01F100000000000000000002 /* Release */ = {
			isa = XCBuildConfiguration;
			buildSettings = {
				ALWAYS_SEARCH_USER_PATHS = NO;
				CLANG_ANALYZER_NONNULL = YES;
				CLANG_ANALYZER_NUMBER_OBJECT_CONVERSION = YES_AGGRESSIVE;
				CLANG_CXX_LANGUAGE_STANDARD = "gnu++20";
				CLANG_ENABLE_MODULES = YES;
				CLANG_ENABLE_OBJC_ARC = YES;
				CLANG_ENABLE_OBJC_WEAK = YES;
				CLANG_WARN_BLOCK_CAPTURE_AUTORELEASING = YES;
				CLANG_WARN_BOOL_CONVERSION = YES;
				CLANG_WARN_COMMA = YES;
				CLANG_WARN_CONSTANT_CONVERSION = YES;
				CLANG_WARN_DEPRECATED_OBJC_IMPLEMENTATIONS = YES;
				CLANG_WARN_DIRECT_OBJC_ISA_USAGE = YES_ERROR;
				CLANG_WARN_DOCUMENTATION_COMMENTS = YES;
				CLANG_WARN_EMPTY_BODY = YES;
				CLANG_WARN_ENUM_CONVERSION = YES;
				CLANG_WARN_INFINITE_RECURSION = YES;
				CLANG_WARN_INT_CONVERSION = YES;
				CLANG_WARN_NON_LITERAL_NULL_CONVERSION = YES;
				CLANG_WARN_OBJC_IMPLICIT_RETAIN_SELF = YES;
				CLANG_WARN_OBJC_LITERAL_CONVERSION = YES;
				CLANG_WARN_OBJC_ROOT_CLASS = YES_ERROR;
				CLANG_WARN_QUOTED_INCLUDE_IN_FRAMEWORK_HEADER = YES;
				CLANG_WARN_RANGE_LOOP_ANALYSIS = YES;
				CLANG_WARN_STRICT_PROTOTYPES = YES;
				CLANG_WARN_SUSPICIOUS_MOVE = YES;
				CLANG_WARN_UNGUARDED_AVAILABILITY = YES_AGGRESSIVE;
				CLANG_WARN_UNREACHABLE_CODE = YES;
				CLANG_WARN__DUPLICATE_METHOD_MATCH = YES;
				COPY_PHASE_STRIP = NO;
				DEBUG_INFORMATION_FORMAT = "dwarf-with-dsym";
				ENABLE_NS_ASSERTIONS = NO;
				ENABLE_STRICT_OBJC_MSGSEND = YES;
				ENABLE_USER_SCRIPT_SANDBOXING = YES;
				GCC_C_LANGUAGE_STANDARD = gnu17;
				GCC_NO_COMMON_BLOCKS = YES;
				GCC_WARN_64_TO_32_BIT_CONVERSION = YES;
				GCC_WARN_ABOUT_RETURN_TYPE = YES_ERROR;
				GCC_WARN_UNDECLARED_SELECTOR = YES;
				GCC_WARN_UNINITIALIZED_AUTOS = YES_AGGRESSIVE;
				GCC_WARN_UNUSED_FUNCTION = YES;
				GCC_WARN_UNUSED_VARIABLE = YES;
				IPHONEOS_DEPLOYMENT_TARGET = 16.4;
				LOCALIZATION_PREFERS_STRING_CATALOGS = YES;
				MTL_ENABLE_DEBUG_INFO = NO;
				MTL_FAST_MATH = YES;
				SDKROOT = iphoneos;
				STRING_CATALOG_GENERATE_SYMBOLS = YES;
				SWIFT_COMPILATION_MODE = wholemodule;
				VALIDATE_PRODUCT = YES;
			};
			name = Release;
		};
		01F100000000000000000003 /* Debug */ = {
			isa = XCBuildConfiguration;
			buildSettings = {
				ASSETCATALOG_COMPILER_APPICON_NAME = AppIcon;
				CODE_SIGN_ENTITLEMENTS = URLBlockerIOS/URLBlockerIOS.entitlements;
				CODE_SIGN_STYLE = Automatic;
				CURRENT_PROJECT_VERSION = 1;
				DEVELOPMENT_ASSET_PATHS = "";
				DEVELOPMENT_TEAM = T3TBGN4UX7;
				GENERATE_INFOPLIST_FILE = NO;
				INFOPLIST_FILE = URLBlockerIOS/Info.plist;
				IPHONEOS_DEPLOYMENT_TARGET = 16.4;
				LD_RUNPATH_SEARCH_PATHS = (
					"$(inherited)",
					"@executable_path/Frameworks",
				);
				MARKETING_VERSION = 1.0;
				PRODUCT_BUNDLE_IDENTIFIER = com.akelly.URLBlockerIOS;
				PRODUCT_NAME = "$(TARGET_NAME)";
				SWIFT_EMIT_LOC_STRINGS = YES;
				SWIFT_VERSION = 5.0;
				TARGETED_DEVICE_FAMILY = "1,2";
			};
			name = Debug;
		};
		01F100000000000000000004 /* Release */ = {
			isa = XCBuildConfiguration;
			buildSettings = {
				ASSETCATALOG_COMPILER_APPICON_NAME = AppIcon;
				CODE_SIGN_ENTITLEMENTS = URLBlockerIOS/URLBlockerIOS.entitlements;
				CODE_SIGN_STYLE = Automatic;
				CURRENT_PROJECT_VERSION = 1;
				DEVELOPMENT_ASSET_PATHS = "";
				DEVELOPMENT_TEAM = T3TBGN4UX7;
				GENERATE_INFOPLIST_FILE = NO;
				INFOPLIST_FILE = URLBlockerIOS/Info.plist;
				IPHONEOS_DEPLOYMENT_TARGET = 16.4;
				LD_RUNPATH_SEARCH_PATHS = (
					"$(inherited)",
					"@executable_path/Frameworks",
				);
				MARKETING_VERSION = 1.0;
				PRODUCT_BUNDLE_IDENTIFIER = com.akelly.URLBlockerIOS;
				PRODUCT_NAME = "$(TARGET_NAME)";
				SWIFT_EMIT_LOC_STRINGS = YES;
				SWIFT_VERSION = 5.0;
				TARGETED_DEVICE_FAMILY = "1,2";
			};
			name = Release;
		};
		01F100000000000000000005 /* Debug */ = {
			isa = XCBuildConfiguration;
			buildSettings = {
				APPLICATION_EXTENSION_API_ONLY = YES;
				ASSETCATALOG_COMPILER_APPICON_NAME = AppIcon;
				CODE_SIGN_ENTITLEMENTS = URLBlockerIOSExtension/URLBlockerIOSExtension.entitlements;
				CODE_SIGN_STYLE = Automatic;
				CURRENT_PROJECT_VERSION = 1;
				DEVELOPMENT_TEAM = T3TBGN4UX7;
				GENERATE_INFOPLIST_FILE = NO;
				INFOPLIST_FILE = URLBlockerIOSExtension/Info.plist;
				IPHONEOS_DEPLOYMENT_TARGET = 16.4;
				LD_RUNPATH_SEARCH_PATHS = (
					"$(inherited)",
					"@executable_path/Frameworks",
					"@executable_path/../../Frameworks",
				);
				MARKETING_VERSION = 1.0;
				PRODUCT_BUNDLE_IDENTIFIER = com.akelly.URLBlockerIOS.Extension;
				PRODUCT_NAME = "$(TARGET_NAME)";
				SKIP_INSTALL = YES;
				SWIFT_VERSION = 5.0;
				TARGETED_DEVICE_FAMILY = "1,2";
			};
			name = Debug;
		};
		01F100000000000000000006 /* Release */ = {
			isa = XCBuildConfiguration;
			buildSettings = {
				APPLICATION_EXTENSION_API_ONLY = YES;
				ASSETCATALOG_COMPILER_APPICON_NAME = AppIcon;
				CODE_SIGN_ENTITLEMENTS = URLBlockerIOSExtension/URLBlockerIOSExtension.entitlements;
				CODE_SIGN_STYLE = Automatic;
				CURRENT_PROJECT_VERSION = 1;
				DEVELOPMENT_TEAM = T3TBGN4UX7;
				GENERATE_INFOPLIST_FILE = NO;
				INFOPLIST_FILE = URLBlockerIOSExtension/Info.plist;
				IPHONEOS_DEPLOYMENT_TARGET = 16.4;
				LD_RUNPATH_SEARCH_PATHS = (
					"$(inherited)",
					"@executable_path/Frameworks",
					"@executable_path/../../Frameworks",
				);
				MARKETING_VERSION = 1.0;
				PRODUCT_BUNDLE_IDENTIFIER = com.akelly.URLBlockerIOS.Extension;
				PRODUCT_NAME = "$(TARGET_NAME)";
				SKIP_INSTALL = YES;
				SWIFT_VERSION = 5.0;
				TARGETED_DEVICE_FAMILY = "1,2";
			};
			name = Release;
		};
		02F100000000000000000001 /* Debug */ = {
			isa = XCBuildConfiguration;
			buildSettings = {
				ASSETCATALOG_COMPILER_APPICON_NAME = AppIcon;
				CODE_SIGN_ENTITLEMENTS = URLBlockerMac/URLBlockerMac.entitlements;
				CODE_SIGN_STYLE = Automatic;
				CURRENT_PROJECT_VERSION = 1;
				DEAD_CODE_STRIPPING = YES;
				DEVELOPMENT_ASSET_PATHS = "";
				DEVELOPMENT_TEAM = T3TBGN4UX7;
				GENERATE_INFOPLIST_FILE = NO;
				INFOPLIST_FILE = URLBlockerMac/Info.plist;
				LD_RUNPATH_SEARCH_PATHS = (
					"$(inherited)",
					"@executable_path/../Frameworks",
				);
				MACOSX_DEPLOYMENT_TARGET = 13.3;
				MARKETING_VERSION = 1.0;
				PRODUCT_BUNDLE_IDENTIFIER = com.akelly.URLBlockerMac;
				PRODUCT_NAME = "$(TARGET_NAME)";
				SDKROOT = macosx;
				SWIFT_EMIT_LOC_STRINGS = YES;
				SWIFT_VERSION = 5.0;
			};
			name = Debug;
		};
		02F100000000000000000002 /* Release */ = {
			isa = XCBuildConfiguration;
			buildSettings = {
				ASSETCATALOG_COMPILER_APPICON_NAME = AppIcon;
				CODE_SIGN_ENTITLEMENTS = URLBlockerMac/URLBlockerMac.entitlements;
				CODE_SIGN_STYLE = Automatic;
				CURRENT_PROJECT_VERSION = 1;
				DEAD_CODE_STRIPPING = YES;
				DEVELOPMENT_ASSET_PATHS = "";
				DEVELOPMENT_TEAM = T3TBGN4UX7;
				GENERATE_INFOPLIST_FILE = NO;
				INFOPLIST_FILE = URLBlockerMac/Info.plist;
				LD_RUNPATH_SEARCH_PATHS = (
					"$(inherited)",
					"@executable_path/../Frameworks",
				);
				MACOSX_DEPLOYMENT_TARGET = 13.3;
				MARKETING_VERSION = 1.0;
				PRODUCT_BUNDLE_IDENTIFIER = com.akelly.URLBlockerMac;
				PRODUCT_NAME = "$(TARGET_NAME)";
				SDKROOT = macosx;
				SWIFT_EMIT_LOC_STRINGS = YES;
				SWIFT_VERSION = 5.0;
			};
			name = Release;
		};
		02F100000000000000000003 /* Debug */ = {
			isa = XCBuildConfiguration;
			buildSettings = {
				APPLICATION_EXTENSION_API_ONLY = YES;
				ASSETCATALOG_COMPILER_APPICON_NAME = AppIcon;
				CODE_SIGN_ENTITLEMENTS = URLBlockerExtensionMac/URLBlockerMacExtension.entitlements;
				CODE_SIGN_STYLE = Automatic;
				CURRENT_PROJECT_VERSION = 1;
				DEAD_CODE_STRIPPING = YES;
				DEVELOPMENT_TEAM = T3TBGN4UX7;
				GENERATE_INFOPLIST_FILE = NO;
				INFOPLIST_FILE = URLBlockerExtensionMac/Info.plist;
				LD_RUNPATH_SEARCH_PATHS = (
					"$(inherited)",
					"@executable_path/../Frameworks",
					"@executable_path/../../../../Frameworks",
				);
				MACOSX_DEPLOYMENT_TARGET = 13.3;
				MARKETING_VERSION = 1.0;
				PRODUCT_BUNDLE_IDENTIFIER = com.akelly.URLBlockerMac.Extension;
				PRODUCT_NAME = "$(TARGET_NAME)";
				SDKROOT = macosx;
				SKIP_INSTALL = YES;
				SWIFT_VERSION = 5.0;
			};
			name = Debug;
		};
		02F100000000000000000004 /* Release */ = {
			isa = XCBuildConfiguration;
			buildSettings = {
				APPLICATION_EXTENSION_API_ONLY = YES;
				ASSETCATALOG_COMPILER_APPICON_NAME = AppIcon;
				CODE_SIGN_ENTITLEMENTS = URLBlockerExtensionMac/URLBlockerMacExtension.entitlements;
				CODE_SIGN_STYLE = Automatic;
				CURRENT_PROJECT_VERSION = 1;
				DEAD_CODE_STRIPPING = YES;
				DEVELOPMENT_TEAM = T3TBGN4UX7;
				GENERATE_INFOPLIST_FILE = NO;
				INFOPLIST_FILE = URLBlockerExtensionMac/Info.plist;
				LD_RUNPATH_SEARCH_PATHS = (
					"$(inherited)",
					"@executable_path/../Frameworks",
					"@executable_path/../../../../Frameworks",
				);
				MACOSX_DEPLOYMENT_TARGET = 13.3;
				MARKETING_VERSION = 1.0;
				PRODUCT_BUNDLE_IDENTIFIER = com.akelly.URLBlockerMac.Extension;
				PRODUCT_NAME = "$(TARGET_NAME)";
				SDKROOT = macosx;
				SKIP_INSTALL = YES;
				SWIFT_VERSION = 5.0;
			};
			name = Release;
		};
/* End XCBuildConfiguration section */

/* Begin XCConfigurationList section */
		01F200000000000000000001 /* Build configuration list for PBXProject "URLBlocker" */ = {
			isa = XCConfigurationList;
			buildConfigurations = (
				01F100000000000000000001 /* Debug */,
				01F100000000000000000002 /* Release */,
			);
			defaultConfigurationIsVisible = 0;
			defaultConfigurationName = Release;
		};
		01F200000000000000000002 /* Build configuration list for PBXNativeTarget "URLBlockerIOS" */ = {
			isa = XCConfigurationList;
			buildConfigurations = (
				01F100000000000000000003 /* Debug */,
				01F100000000000000000004 /* Release */,
			);
			defaultConfigurationIsVisible = 0;
			defaultConfigurationName = Release;
		};
		01F200000000000000000003 /* Build configuration list for PBXNativeTarget "URLBlockerIOSExtension" */ = {
			isa = XCConfigurationList;
			buildConfigurations = (
				01F100000000000000000005 /* Debug */,
				01F100000000000000000006 /* Release */,
			);
			defaultConfigurationIsVisible = 0;
			defaultConfigurationName = Release;
		};
		02F200000000000000000001 /* Build configuration list for PBXNativeTarget "URLBlockerMac" */ = {
			isa = XCConfigurationList;
			buildConfigurations = (
				02F100000000000000000001 /* Debug */,
				02F100000000000000000002 /* Release */,
			);
			defaultConfigurationIsVisible = 0;
			defaultConfigurationName = Release;
		};
		02F200000000000000000002 /* Build configuration list for PBXNativeTarget "URLBlockerMacExtension" */ = {
			isa = XCConfigurationList;
			buildConfigurations = (
				02F100000000000000000003 /* Debug */,
				02F100000000000000000004 /* Release */,
			);
			defaultConfigurationIsVisible = 0;
			defaultConfigurationName = Release;
		};
/* End XCConfigurationList section */
	};
	rootObject = 01F000000000000000000001 /* Project object */;
}
